
Microsoft Visual Studio Solution File, Format Version 12.00
# Visual Studio Version 17
VisualStudioVersion = 17.5.33424.131
MinimumVisualStudioVersion = 10.0.40219.1
Project("{FAE04EC0-301F-11D3-BF4B-00C04F79EFBC}") = "Dane", "Dane.csproj", "{62F8B9CC-761F-404D-B121-6C229253FF19}"
EndProject
Project("{FAE04EC0-301F-11D3-BF4B-00C04F79EFBC}") = "Logika", "..\Logika\Logika.csproj", "{30044CF2-C982-4ED4-820C-4F7BA0E7687D}"
	ProjectSection(ProjectDependencies) = postProject
		{62F8B9CC-761F-404D-B121-6C229253FF19} = {62F8B9CC-761F-404D-B121-6C229253FF19}
	EndProjectSection
EndProject
Project("{2150E333-8FDC-42A3-9474-1A3956D46DE8}") = "Prezentacja", "Prezentacja", "{34B0F089-3E3C-4DBF-8904-44BC572FDB7C}"
EndProject
Project("{FAE04EC0-301F-11D3-BF4B-00C04F79EFBC}") = "View", "..\View\View.csproj", "{7D57A580-03D6-4C9D-A6F2-1444AF736615}"
EndProject
Project("{FAE04EC0-301F-11D3-BF4B-00C04F79EFBC}") = "Model", "..\Model\Model.csproj", "{03E336D7-DF20-4A2A-9912-79EBC67002A3}"
EndProject
Project("{FAE04EC0-301F-11D3-BF4B-00C04F79EFBC}") = "ViewModel", "..\ViewModel\ViewModel.csproj", "{D2E8B391-6536-47DB-A4A1-2CC09BC51B61}"
EndProject
Project("{9A19103F-16F7-4668-BE54-9A1E7A4F7556}") = "Testy", "..\Testy\Testy.csproj", "{9465446C-A838-4951-B297-003CBE2A214F}"
EndProject
Project("{FAE04EC0-301F-11D3-BF4B-00C04F79EFBC}") = "TestyJednostkowe", "..\TestyJednostkowe\TestyJednostkowe.csproj", "{77C3A6D5-4553-4984-A438-CE7417DC7FC8}"
EndProject
Global
	GlobalSection(SolutionConfigurationPlatforms) = preSolution
		Debug|Any CPU = Debug|Any CPU
		Debug|x64 = Debug|x64
		Release|Any CPU = Release|Any CPU
		Release|x64 = Release|x64
	EndGlobalSection
	GlobalSection(ProjectConfigurationPlatforms) = postSolution
		{62F8B9CC-761F-404D-B121-6C229253FF19}.Debug|Any CPU.ActiveCfg = Debug|Any CPU
		{62F8B9CC-761F-404D-B121-6C229253FF19}.Debug|Any CPU.Build.0 = Debug|Any CPU
		{62F8B9CC-761F-404D-B121-6C229253FF19}.Debug|x64.ActiveCfg = Debug|x64
		{62F8B9CC-761F-404D-B121-6C229253FF19}.Debug|x64.Build.0 = Debug|x64
		{62F8B9CC-761F-404D-B121-6C229253FF19}.Release|Any CPU.ActiveCfg = Release|Any CPU
		{62F8B9CC-761F-404D-B121-6C229253FF19}.Release|Any CPU.Build.0 = Release|Any CPU
		{62F8B9CC-761F-404D-B121-6C229253FF19}.Release|x64.ActiveCfg = Release|x64
		{62F8B9CC-761F-404D-B121-6C229253FF19}.Release|x64.Build.0 = Release|x64
		{30044CF2-C982-4ED4-820C-4F7BA0E7687D}.Debug|Any CPU.ActiveCfg = Debug|Any CPU
		{30044CF2-C982-4ED4-820C-4F7BA0E7687D}.Debug|Any CPU.Build.0 = Debug|Any CPU
		{30044CF2-C982-4ED4-820C-4F7BA0E7687D}.Debug|x64.ActiveCfg = Debug|x64
		{30044CF2-C982-4ED4-820C-4F7BA0E7687D}.Debug|x64.Build.0 = Debug|x64
		{30044CF2-C982-4ED4-820C-4F7BA0E7687D}.Release|Any CPU.ActiveCfg = Release|Any CPU
		{30044CF2-C982-4ED4-820C-4F7BA0E7687D}.Release|Any CPU.Build.0 = Release|Any CPU
		{30044CF2-C982-4ED4-820C-4F7BA0E7687D}.Release|x64.ActiveCfg = Release|x64
		{30044CF2-C982-4ED4-820C-4F7BA0E7687D}.Release|x64.Build.0 = Release|x64
		{7D57A580-03D6-4C9D-A6F2-1444AF736615}.Debug|Any CPU.ActiveCfg = Debug|Any CPU
		{7D57A580-03D6-4C9D-A6F2-1444AF736615}.Debug|Any CPU.Build.0 = Debug|Any CPU
		{7D57A580-03D6-4C9D-A6F2-1444AF736615}.Debug|x64.ActiveCfg = Debug|x64
		{7D57A580-03D6-4C9D-A6F2-1444AF736615}.Debug|x64.Build.0 = Debug|x64
		{7D57A580-03D6-4C9D-A6F2-1444AF736615}.Release|Any CPU.ActiveCfg = Release|Any CPU
		{7D57A580-03D6-4C9D-A6F2-1444AF736615}.Release|Any CPU.Build.0 = Release|Any CPU
		{7D57A580-03D6-4C9D-A6F2-1444AF736615}.Release|x64.ActiveCfg = Release|x64
		{7D57A580-03D6-4C9D-A6F2-1444AF736615}.Release|x64.Build.0 = Release|x64
		{03E336D7-DF20-4A2A-9912-79EBC67002A3}.Debug|Any CPU.ActiveCfg = Debug|Any CPU
		{03E336D7-DF20-4A2A-9912-79EBC67002A3}.Debug|Any CPU.Build.0 = Debug|Any CPU
		{03E336D7-DF20-4A2A-9912-79EBC67002A3}.Debug|x64.ActiveCfg = Debug|x64
		{03E336D7-DF20-4A2A-9912-79EBC67002A3}.Debug|x64.Build.0 = Debug|x64
		{03E336D7-DF20-4A2A-9912-79EBC67002A3}.Release|Any CPU.ActiveCfg = Release|Any CPU
		{03E336D7-DF20-4A2A-9912-79EBC67002A3}.Release|Any CPU.Build.0 = Release|Any CPU
		{03E336D7-DF20-4A2A-9912-79EBC67002A3}.Release|x64.ActiveCfg = Release|x64
		{03E336D7-DF20-4A2A-9912-79EBC67002A3}.Release|x64.Build.0 = Release|x64
		{D2E8B391-6536-47DB-A4A1-2CC09BC51B61}.Debug|Any CPU.ActiveCfg = Debug|Any CPU
		{D2E8B391-6536-47DB-A4A1-2CC09BC51B61}.Debug|Any CPU.Build.0 = Debug|Any CPU
		{D2E8B391-6536-47DB-A4A1-2CC09BC51B61}.Debug|x64.ActiveCfg = Debug|x64
		{D2E8B391-6536-47DB-A4A1-2CC09BC51B61}.Debug|x64.Build.0 = Debug|x64
		{D2E8B391-6536-47DB-A4A1-2CC09BC51B61}.Release|Any CPU.ActiveCfg = Release|Any CPU
		{D2E8B391-6536-47DB-A4A1-2CC09BC51B61}.Release|Any CPU.Build.0 = Release|Any CPU
		{D2E8B391-6536-47DB-A4A1-2CC09BC51B61}.Release|x64.ActiveCfg = Release|x64
		{D2E8B391-6536-47DB-A4A1-2CC09BC51B61}.Release|x64.Build.0 = Release|x64
		{9465446C-A838-4951-B297-003CBE2A214F}.Debug|Any CPU.ActiveCfg = Debug|Any CPU
		{9465446C-A838-4951-B297-003CBE2A214F}.Debug|Any CPU.Build.0 = Debug|Any CPU
		{9465446C-A838-4951-B297-003CBE2A214F}.Debug|x64.ActiveCfg = Debug|x64
		{9465446C-A838-4951-B297-003CBE2A214F}.Debug|x64.Build.0 = Debug|x64
		{9465446C-A838-4951-B297-003CBE2A214F}.Release|Any CPU.ActiveCfg = Release|Any CPU
		{9465446C-A838-4951-B297-003CBE2A214F}.Release|Any CPU.Build.0 = Release|Any CPU
		{9465446C-A838-4951-B297-003CBE2A214F}.Release|x64.ActiveCfg = Release|x64
		{9465446C-A838-4951-B297-003CBE2A214F}.Release|x64.Build.0 = Release|x64
		{77C3A6D5-4553-4984-A438-CE7417DC7FC8}.Debug|Any CPU.ActiveCfg = Debug|Any CPU
		{77C3A6D5-4553-4984-A438-CE7417DC7FC8}.Debug|Any CPU.Build.0 = Debug|Any CPU
		{77C3A6D5-4553-4984-A438-CE7417DC7FC8}.Debug|x64.ActiveCfg = Debug|Any CPU
		{77C3A6D5-4553-4984-A438-CE7417DC7FC8}.Debug|x64.Build.0 = Debug|Any CPU
		{77C3A6D5-4553-4984-A438-CE7417DC7FC8}.Release|Any CPU.ActiveCfg = Release|Any CPU
		{77C3A6D5-4553-4984-A438-CE7417DC7FC8}.Release|Any CPU.Build.0 = Release|Any CPU
		{77C3A6D5-4553-4984-A438-CE7417DC7FC8}.Release|x64.ActiveCfg = Release|Any CPU
		{77C3A6D5-4553-4984-A438-CE7417DC7FC8}.Release|x64.Build.0 = Release|Any CPU
	EndGlobalSection
	GlobalSection(SolutionProperties) = preSolution
		HideSolutionNode = FALSE
	EndGlobalSection
	GlobalSection(NestedProjects) = preSolution
		{7D57A580-03D6-4C9D-A6F2-1444AF736615} = {34B0F089-3E3C-4DBF-8904-44BC572FDB7C}
		{03E336D7-DF20-4A2A-9912-79EBC67002A3} = {34B0F089-3E3C-4DBF-8904-44BC572FDB7C}
		{D2E8B391-6536-47DB-A4A1-2CC09BC51B61} = {34B0F089-3E3C-4DBF-8904-44BC572FDB7C}
	EndGlobalSection
	GlobalSection(ExtensibilityGlobals) = postSolution
		SolutionGuid = {1BF3DC88-037F-485C-B5A5-7A373B0129A2}
	EndGlobalSection
EndGlobal
